
Microsoft Visual Studio Solution File, Format Version 12.00
# Visual Studio Version 17
VisualStudioVersion = 17.1.32319.34
MinimumVisualStudioVersion = 10.0.40219.1
Project("{FAE04EC0-301F-11D3-BF4B-00C04F79EFBC}") = "Watch Precision", "Watch Precision.csproj", "{DA1264E7-CEE8-47B4-BA98-2B6F665B2317}"
EndProject
Global
	GlobalSection(SolutionConfigurationPlatforms) = preSolution
		Debug|Any CPU = Debug|Any CPU
		Release|Any CPU = Release|Any CPU
	EndGlobalSection
	GlobalSection(ProjectConfigurationPlatforms) = postSolution
		{DA1264E7-CEE8-47B4-BA98-2B6F665B2317}.Debug|Any CPU.ActiveCfg = Debug|Any CPU
		{DA1264E7-CEE8-47B4-BA98-2B6F665B2317}.Debug|Any CPU.Build.0 = Debug|Any CPU
		{DA1264E7-CEE8-47B4-BA98-2B6F665B2317}.Release|Any CPU.ActiveCfg = Release|Any CPU
		{DA1264E7-CEE8-47B4-BA98-2B6F665B2317}.Release|Any CPU.Build.0 = Release|Any CPU
	EndGlobalSection
	GlobalSection(SolutionProperties) = preSolution
		HideSolutionNode = FALSE
	EndGlobalSection
	GlobalSection(ExtensibilityGlobals) = postSolution
		SolutionGuid = {0D643660-1146-4151-A34A-9D5DBF291144}
	EndGlobalSection
EndGlobal
